Microsoft Visual Studio Solution File, Format Version 12.00
# Visual Studio Version 17
VisualStudioVersion = 17.0.31903.59
MinimumVisualStudioVersion = 10.0.40219.1
Project("{FAE04EC0-301F-11D3-BF4B-00C04F79EFBC}") = "CS2AssetPerformanceAuditor", "src\CS2AssetPerformanceAuditor\CS2AssetPerformanceAuditor.csproj", "{5AE55F3C-1D9D-4A72-8CFB-4096C4FD8BC8}"
EndProject
Project("{FAE04EC0-301F-11D3-BF4B-00C04F79EFBC}") = "CS2AssetPerformanceAuditor.Tests", "tests\CS2AssetPerformanceAuditor.Tests\CS2AssetPerformanceAuditor.Tests.csproj", "{103414A0-2F65-4662-80E0-64D38F3B0DA1}"
EndProject
Global
	GlobalSection(SolutionConfigurationPlatforms) = preSolution
		Debug|Any CPU = Debug|Any CPU
		Release|Any CPU = Release|Any CPU
	EndGlobalSection
	GlobalSection(ProjectConfigurationPlatforms) = postSolution
		{5AE55F3C-1D9D-4A72-8CFB-4096C4FD8BC8}.Debug|Any CPU.ActiveCfg = Debug|Any CPU
		{5AE55F3C-1D9D-4A72-8CFB-4096C4FD8BC8}.Debug|Any CPU.Build.0 = Debug|Any CPU
		{5AE55F3C-1D9D-4A72-8CFB-4096C4FD8BC8}.Release|Any CPU.ActiveCfg = Release|Any CPU
		{5AE55F3C-1D9D-4A72-8CFB-4096C4FD8BC8}.Release|Any CPU.Build.0 = Release|Any CPU
		{103414A0-2F65-4662-80E0-64D38F3B0DA1}.Debug|Any CPU.ActiveCfg = Debug|Any CPU
		{103414A0-2F65-4662-80E0-64D38F3B0DA1}.Debug|Any CPU.Build.0 = Debug|Any CPU
		{103414A0-2F65-4662-80E0-64D38F3B0DA1}.Release|Any CPU.ActiveCfg = Release|Any CPU
		{103414A0-2F65-4662-80E0-64D38F3B0DA1}.Release|Any CPU.Build.0 = Release|Any CPU
	EndGlobalSection
EndGlobal
